{
  "version": 4,
  "terraform_version": "0.14.3",
  "serial": 62,
  "lineage": "f3f4ca41-47bd-43d9-59bb-580346d257ea",
  "outputs": {
    "json_files": {
      "value": [
        "finance.json",
        "procurement.json",
        "www.json"
      ],
      "type": [
        "set",
        "string"
      ]
    },
    "records": {
      "value": [
        {
          "addresses": [
            "192.168.100.1"
          ],
          "dns_record_type": "a",
          "ttl": 60,
          "zone": "example.com."
        },
        {
          "addresses": [
            "192.168.100.1"
          ],
          "dns_record_type": "a",
          "ttl": 600,
          "zone": "example.com."
        },
        {
          "addresses": [
            "1.1.1.1"
          ],
          "dns_record_type": "a",
          "ttl": 300,
          "zone": "example.com."
        }
      ],
      "type": [
        "tuple",
        [
          [
            "object",
            {
              "addresses": [
                "tuple",
                [
                  "string"
                ]
              ],
              "dns_record_type": "string",
              "ttl": "number",
              "zone": "string"
            }
          ],
          [
            "object",
            {
              "addresses": [
                "tuple",
                [
                  "string"
                ]
              ],
              "dns_record_type": "string",
              "ttl": "number",
              "zone": "string"
            }
          ],
          [
            "object",
            {
              "addresses": [
                "tuple",
                [
                  "string"
                ]
              ],
              "dns_record_type": "string",
              "ttl": "number",
              "zone": "string"
            }
          ]
        ]
      ]
    }
  },
  "resources": [
    {
      "module": "module.dns_updater",
      "mode": "managed",
      "type": "dns_a_record_set",
      "name": "www",
      "provider": "provider[\"registry.terraform.io/hashicorp/dns\"]",
      "instances": [
        {
          "index_key": "0",
          "schema_version": 0,
          "attributes": {
            "addresses": [
              "192.168.100.1"
            ],
            "id": "www.example.com.",
            "name": "www",
            "ttl": 60,
            "zone": "example.com."
          },
          "sensitive_attributes": [],
          "private": "bnVsbA=="
        },
        {
          "index_key": "1",
          "schema_version": 0,
          "attributes": {
            "addresses": [
              "1.1.1.1",
              "192.168.100.1"
            ],
            "id": "www.example.com.",
            "name": "www",
            "ttl": 600,
            "zone": "example.com."
          },
          "sensitive_attributes": []
        },
        {
          "index_key": "2",
          "schema_version": 0,
          "attributes": {
            "addresses": [
              "1.1.1.1"
            ],
            "id": "www.example.com.",
            "name": "www",
            "ttl": 300,
            "zone": "example.com."
          },
          "sensitive_attributes": [],
          "private": "bnVsbA=="
        }
      ]
    }
  ]
}
